# THIS IS AN AUTOGENERATED FILE. DO NOT EDIT THIS FILE DIRECTLY.
# yarn lockfile v1


"@stripe/stripe-js@^1.13.2":
  version "1.54.2"
  resolved "https://registry.yarnpkg.com/@stripe/stripe-js/-/stripe-js-1.54.2.tgz#0665848e22cbda936cfd05256facdfbba121438d"
  integrity sha512-R1PwtDvUfs99cAjfuQ/WpwJ3c92+DAMy9xGApjqlWQMj0FKQabUAys2swfTRNzuYAYJh7NqK2dzcYVNkKLEKUg==

"@stripe/stripe-js@^3.1.0":
  version "3.1.0"
  resolved "https://registry.yarnpkg.com/@stripe/stripe-js/-/stripe-js-3.1.0.tgz#bb0458c5cb5e9a835c18f8d353e8980cc66b9959"
  integrity sha512-7+ciE35i8NZ6l4FiO1qFkBoZ64ul6B2ZhBVyygB+e/2EZa2WLUyjoxrP53SagnUW7+/q25nDyDLzQq5F0ebOEw==

"@vue-stripe/vue-stripe@^4.5.0":
  version "4.5.0"
  resolved "https://registry.yarnpkg.com/@vue-stripe/vue-stripe/-/vue-stripe-4.5.0.tgz#2297b3a3f7cc984e7c80f3b7dac75f5e0239a758"
  integrity sha512-BU449XT5zegjNQirl+SSztbzGIvPjhxlHv8ybomSZcI1jB6qEpLgpk2eHMFDKnOGZZRhqtg4C5FiErwSJ/yuRw==
  dependencies:
    "@stripe/stripe-js" "^1.13.2"
    vue-coerce-props "^1.0.0"

crypto@^1.0.1:
  version "1.0.1"
  resolved "https://registry.yarnpkg.com/crypto/-/crypto-1.0.1.tgz#2af1b7cad8175d24c8a1b0778255794a21803037"
  integrity sha512-VxBKmeNcqQdiUQUW2Tzq0t377b54N2bMtXO/qiLa+6eRRmmC4qT3D4OnTGoT/U6O9aklQ/jTwbOtRMTTY8G0Ig==

vue-coerce-props@^1.0.0:
  version "1.0.0"
  resolved "https://registry.yarnpkg.com/vue-coerce-props/-/vue-coerce-props-1.0.0.tgz#af3d00aa419f0de79c2b020824c6c0387070d66e"
  integrity sha512-4fdRMXO6FHzmE7H4soAph6QmPg3sL/RiGdd+axuxuU07f02LNMns0jMM88fmt1bvSbN+2Wyd8raho6p6nXUzag==

vue3-google-login@^2.0.25:
  version "2.0.25"
  resolved "https://registry.yarnpkg.com/vue3-google-login/-/vue3-google-login-2.0.25.tgz#ee5dbd758a4ff658faab4f7faf1637423301df30"
  integrity sha512-b6EfYFF2KH1qSiiCKI9WmPB79GdXifPB8qOt48RRmo1F5h3UcigrrqzQCosjcRLcTqUpRQcZ9TeKYP4ZVroNHQ==
